
Microsoft Visual Studio Solution File, Format Version 12.00
# Visual Studio 15
VisualStudioVersion = 15.0.28010.2003
MinimumVisualStudioVersion = 10.0.40219.1
Project("{FAE04EC0-301F-11D3-BF4B-00C04F79EFBC}") = "ToyRobot", "ToyRobot\ToyRobot.csproj", "{6E097E49-A78E-40E9-BCFB-57815BF278DB}"
EndProject
Project("{2150E333-8FDC-42A3-9474-1A3956D46DE8}") = "Solution Items", "Solution Items", "{122E9ED7-BC0E-4967-BB9A-79C3C6C5C9D6}"
	ProjectSection(SolutionItems) = preProject
		ToyRobot\test1.txt = ToyRobot\test1.txt
		ToyRobot\test2.txt = ToyRobot\test2.txt
		ToyRobot\test3.txt = ToyRobot\test3.txt
	EndProjectSection
EndProject
Global
	GlobalSection(SolutionConfigurationPlatforms) = preSolution
		Debug|Any CPU = Debug|Any CPU
		Release|Any CPU = Release|Any CPU
	EndGlobalSection
	GlobalSection(ProjectConfigurationPlatforms) = postSolution
		{6E097E49-A78E-40E9-BCFB-57815BF278DB}.Debug|Any CPU.ActiveCfg = Debug|Any CPU
		{6E097E49-A78E-40E9-BCFB-57815BF278DB}.Debug|Any CPU.Build.0 = Debug|Any CPU
		{6E097E49-A78E-40E9-BCFB-57815BF278DB}.Release|Any CPU.ActiveCfg = Release|Any CPU
		{6E097E49-A78E-40E9-BCFB-57815BF278DB}.Release|Any CPU.Build.0 = Release|Any CPU
	EndGlobalSection
	GlobalSection(SolutionProperties) = preSolution
		HideSolutionNode = FALSE
	EndGlobalSection
	GlobalSection(ExtensibilityGlobals) = postSolution
		SolutionGuid = {8FFA6710-42E3-4D9C-A180-5ED5C11F2CAE}
	EndGlobalSection
EndGlobal
